
Microsoft Visual Studio Solution File, Format Version 12.00
# Visual Studio 2012
Project("{FAE04EC0-301F-11D3-BF4B-00C04F79EFBC}") = "FFM", "FFM\FFM.csproj", "{92212A27-5BD7-496E-A6C2-2F20150635D5}"
EndProject
Project("{FAE04EC0-301F-11D3-BF4B-00C04F79EFBC}") = "FFM.Tests", "FFM.Tests\FFM.Tests.csproj", "{61F43BEA-A271-43BE-8623-93368F74DC93}"
EndProject
Global
	GlobalSection(SolutionConfigurationPlatforms) = preSolution
		Debug|Any CPU = Debug|Any CPU
		Release|Any CPU = Release|Any CPU
	EndGlobalSection
	GlobalSection(ProjectConfigurationPlatforms) = postSolution
		{92212A27-5BD7-496E-A6C2-2F20150635D5}.Debug|Any CPU.ActiveCfg = Debug|Any CPU
		{92212A27-5BD7-496E-A6C2-2F20150635D5}.Debug|Any CPU.Build.0 = Debug|Any CPU
		{92212A27-5BD7-496E-A6C2-2F20150635D5}.Release|Any CPU.ActiveCfg = Release|Any CPU
		{92212A27-5BD7-496E-A6C2-2F20150635D5}.Release|Any CPU.Build.0 = Release|Any CPU
		{61F43BEA-A271-43BE-8623-93368F74DC93}.Debug|Any CPU.ActiveCfg = Debug|Any CPU
		{61F43BEA-A271-43BE-8623-93368F74DC93}.Debug|Any CPU.Build.0 = Debug|Any CPU
		{61F43BEA-A271-43BE-8623-93368F74DC93}.Release|Any CPU.ActiveCfg = Release|Any CPU
		{61F43BEA-A271-43BE-8623-93368F74DC93}.Release|Any CPU.Build.0 = Release|Any CPU
	EndGlobalSection
	GlobalSection(SolutionProperties) = preSolution
		HideSolutionNode = FALSE
	EndGlobalSection
EndGlobal
